
Microsoft Visual Studio Solution File, Format Version 12.00
# Visual Studio Version 17
VisualStudioVersion = 17.13.35825.156
MinimumVisualStudioVersion = 10.0.40219.1
Project("{FAE04EC0-301F-11D3-BF4B-00C04F79EFBC}") = "HOMS MES Extractor Web", "HOMS MES Extractor Web.csproj", "{8BDC307C-3960-4238-9D63-9D8875C71089}"
EndProject
Project("{FAE04EC0-301F-11D3-BF4B-00C04F79EFBC}") = "HOMS MES Extractor", "..\HOMS MES Extractor\HOMS MES Extractor.csproj", "{96BCA2B7-3A2E-7FC1-7128-6DCCF931D04E}"
EndProject
Global
	GlobalSection(SolutionConfigurationPlatforms) = preSolution
		Debug|Any CPU = Debug|Any CPU
		Release|Any CPU = Release|Any CPU
	EndGlobalSection
	GlobalSection(ProjectConfigurationPlatforms) = postSolution
		{8BDC307C-3960-4238-9D63-9D8875C71089}.Debug|Any CPU.ActiveCfg = Debug|Any CPU
		{8BDC307C-3960-4238-9D63-9D8875C71089}.Debug|Any CPU.Build.0 = Debug|Any CPU
		{8BDC307C-3960-4238-9D63-9D8875C71089}.Release|Any CPU.ActiveCfg = Release|Any CPU
		{8BDC307C-3960-4238-9D63-9D8875C71089}.Release|Any CPU.Build.0 = Release|Any CPU
		{96BCA2B7-3A2E-7FC1-7128-6DCCF931D04E}.Debug|Any CPU.ActiveCfg = Debug|Any CPU
		{96BCA2B7-3A2E-7FC1-7128-6DCCF931D04E}.Debug|Any CPU.Build.0 = Debug|Any CPU
		{96BCA2B7-3A2E-7FC1-7128-6DCCF931D04E}.Release|Any CPU.ActiveCfg = Release|Any CPU
		{96BCA2B7-3A2E-7FC1-7128-6DCCF931D04E}.Release|Any CPU.Build.0 = Release|Any CPU
	EndGlobalSection
	GlobalSection(SolutionProperties) = preSolution
		HideSolutionNode = FALSE
	EndGlobalSection
	GlobalSection(ExtensibilityGlobals) = postSolution
		SolutionGuid = {B71FF0E3-410D-47DC-A094-D908E80B2999}
	EndGlobalSection
EndGlobal
